
Microsoft Visual Studio Solution File, Format Version 12.00
# Visual Studio 15
VisualStudioVersion = 15.0.28307.168
MinimumVisualStudioVersion = 10.0.40219.1
Project("{FAE04EC0-301F-11D3-BF4B-00C04F79EFBC}") = "ElementsComposition", "ElementsComposition\ElementsComposition.csproj", "{30178BDE-DF93-476C-8066-114FB3515E16}"
EndProject
Global
	GlobalSection(SolutionConfigurationPlatforms) = preSolution
		Debug|Any CPU = Debug|Any CPU
		Release|Any CPU = Release|Any CPU
	EndGlobalSection
	GlobalSection(ProjectConfigurationPlatforms) = postSolution
		{30178BDE-DF93-476C-8066-114FB3515E16}.Debug|Any CPU.ActiveCfg = Debug|Any CPU
		{30178BDE-DF93-476C-8066-114FB3515E16}.Debug|Any CPU.Build.0 = Debug|Any CPU
		{30178BDE-DF93-476C-8066-114FB3515E16}.Release|Any CPU.ActiveCfg = Release|Any CPU
		{30178BDE-DF93-476C-8066-114FB3515E16}.Release|Any CPU.Build.0 = Release|Any CPU
	EndGlobalSection
	GlobalSection(SolutionProperties) = preSolution
		HideSolutionNode = FALSE
	EndGlobalSection
	GlobalSection(ExtensibilityGlobals) = postSolution
		SolutionGuid = {FA4721A9-40A3-450C-BCF0-7707FED323EB}
	EndGlobalSection
EndGlobal
